// !$*UTF8*$!
{
	archiveVersion = 1;
	classes = {
	};
	objectVersion = 77;
	objects = {

/* Begin PBXBuildFile section */
		9F0ACFBB2D60A4B2001F1D7C /* colorization_model.mlpackage in Sources */ = {isa = PBXBuildFile; fileRef = 9F0ACFBA2D60A4B2001F1D7C /* colorization_model.mlpackage */; };
/* End PBXBuildFile section */

/* Begin PBXContainerItemProxy section */
		9F0ACF9E2D60A464001F1D7C /* PBXContainerItemProxy */ = {
			isa = PBXContainerItemProxy;
			containerPortal = 9F0ACF852D60A461001F1D7C /* Project object */;
			proxyType = 1;
			remoteGlobalIDString = 9F0ACF8C2D60A461001F1D7C;
			remoteInfo = SmartColorizer;
		};
		9F0ACFA82D60A464001F1D7C /* PBXContainerItemProxy */ = {
			isa = PBXContainerItemProxy;
			containerPortal = 9F0ACF852D60A461001F1D7C /* Project object */;
			proxyType = 1;
			remoteGlobalIDString = 9F0ACF8C2D60A461001F1D7C;
			remoteInfo = SmartColorizer;
		};
/* End PBXContainerItemProxy section */

/* Begin PBXFileReference section */
		9F0ACF8D2D60A461001F1D7C /* SmartColorizer.app */ = {isa = PBXFileReference; explicitFileType = wrapper.application; includeInIndex = 0; path = SmartColorizer.app; sourceTree = BUILT_PRODUCTS_DIR; };
		9F0ACF9D2D60A464001F1D7C /* SmartColorizerTests.xctest */ = {isa = PBXFileReference; explicitFileType = wrapper.cfbundle; includeInIndex = 0; path = SmartColorizerTests.xctest; sourceTree = BUILT_PRODUCTS_DIR; };
		9F0ACFA72D60A464001F1D7C /* SmartColorizerUITests.xctest */ = {isa = PBXFileReference; explicitFileType = wrapper.cfbundle; includeInIndex = 0; path = SmartColorizerUITests.xctest; sourceTree = BUILT_PRODUCTS_DIR; };
		9F0ACFBA2D60A4B2001F1D7C /* colorization_model.mlpackage */ = {isa = PBXFileReference; lastKnownFileType = folder.mlpackage; path = colorization_model.mlpackage; sourceTree = "<group>"; };
/* End PBXFileReference section */

/* Begin PBXFileSystemSynchronizedRootGroup section */
		9F0ACF8F2D60A461001F1D7C /* SmartColorizer */ = {
			isa = PBXFileSystemSynchronizedRootGroup;
			path = SmartColorizer;
			sourceTree = "<group>";
		};
		9F0ACFA02D60A464001F1D7C /* SmartColorizerTests */ = {
			isa = PBXFileSystemSynchronizedRootGroup;
			path = SmartColorizerTests;
			sourceTree = "<group>";
		};
		9F0ACFAA2D60A464001F1D7C /* SmartColorizerUITests */ = {
			isa = PBXFileSystemSynchronizedRootGroup;
			path = SmartColorizerUITests;
			sourceTree = "<group>";
		};
/* End PBXFileSystemSynchronizedRootGroup section */

/* Begin PBXFrameworksBuildPhase section */
		9F0ACF8A2D60A461001F1D7C /* Frameworks */ = {
			isa = PBXFrameworksBuildPhase;
			buildActionMask = 2147483647;
			files = (
			);
			runOnlyForDeploymentPostprocessing = 0;
		};
		9F0ACF9A2D60A464001F1D7C /* Frameworks */ = {
			isa = PBXFrameworksBuildPhase;
			buildActionMask = 2147483647;
			files = (
			);
			runOnlyForDeploymentPostprocessing = 0;
		};
		9F0ACFA42D60A464001F1D7C /* Frameworks */ = {
			isa = PBXFrameworksBuildPhase;
			buildActionMask = 2147483647;
			files = (
			);
			runOnlyForDeploymentPostprocessing = 0;
		};
/* End PBXFrameworksBuildPhase section */

/* Begin PBXGroup section */
		9F0ACF842D60A461001F1D7C = {
			isa = PBXGroup;
			children = (
				9F0ACF8F2D60A461001F1D7C /* SmartColorizer */,
				9F0ACFA02D60A464001F1D7C /* SmartColorizerTests */,
				9F0ACFAA2D60A464001F1D7C /* SmartColorizerUITests */,
				9F0ACF8E2D60A461001F1D7C /* Products */,
				9F0ACFBA2D60A4B2001F1D7C /* colorization_model.mlpackage */,
			);
			sourceTree = "<group>";
		};
		9F0ACF8E2D60A461001F1D7C /* Products */ = {
			isa = PBXGroup;
			children = (
				9F0ACF8D2D60A461001F1D7C /* SmartColorizer.app */,
				9F0ACF9D2D60A464001F1D7C /* SmartColorizerTests.xctest */,
				9F0ACFA72D60A464001F1D7C /* SmartColorizerUITests.xctest */,
			);
			name = Products;
			sourceTree = "<group>";
		};
/* End PBXGroup section */

/* Begin PBXNativeTarget section */
		9F0ACF8C2D60A461001F1D7C /* SmartColorizer */ = {
			isa = PBXNativeTarget;
			buildConfigurationList = 9F0ACFB12D60A464001F1D7C /* Build configuration list for PBXNativeTarget "SmartColorizer" */;
			buildPhases = (
				9F0ACF892D60A461001F1D7C /* Sources */,
				9F0ACF8A2D60A461001F1D7C /* Frameworks */,
				9F0ACF8B2D60A461001F1D7C /* Resources */,
			);
			buildRules = (
			);
			dependencies = (
			);
			fileSystemSynchronizedGroups = (
				9F0ACF8F2D60A461001F1D7C /* SmartColorizer */,
			);
			name = SmartColorizer;
			packageProductDependencies = (
			);
			productName = SmartColorizer;
			productReference = 9F0ACF8D2D60A461001F1D7C /* SmartColorizer.app */;
			productType = "com.apple.product-type.application";
		};
		9F0ACF9C2D60A464001F1D7C /* SmartColorizerTests */ = {
			isa = PBXNativeTarget;
			buildConfigurationList = 9F0ACFB42D60A464001F1D7C /* Build configuration list for PBXNativeTarget "SmartColorizerTests" */;
			buildPhases = (
				9F0ACF992D60A464001F1D7C /* Sources */,
				9F0ACF9A2D60A464001F1D7C /* Frameworks */,
				9F0ACF9B2D60A464001F1D7C /* Resources */,
			);
			buildRules = (
			);
			dependencies = (
				9F0ACF9F2D60A464001F1D7C /* PBXTargetDependency */,
			);
			fileSystemSynchronizedGroups = (
				9F0ACFA02D60A464001F1D7C /* SmartColorizerTests */,
			);
			name = SmartColorizerTests;
			packageProductDependencies = (
			);
			productName = SmartColorizerTests;
			productReference = 9F0ACF9D2D60A464001F1D7C /* SmartColorizerTests.xctest */;
			productType = "com.apple.product-type.bundle.unit-test";
		};
		9F0ACFA62D60A464001F1D7C /* SmartColorizerUITests */ = {
			isa = PBXNativeTarget;
			buildConfigurationList = 9F0ACFB72D60A464001F1D7C /* Build configuration list for PBXNativeTarget "SmartColorizerUITests" */;
			buildPhases = (
				9F0ACFA32D60A464001F1D7C /* Sources */,
				9F0ACFA42D60A464001F1D7C /* Frameworks */,
				9F0ACFA52D60A464001F1D7C /* Resources */,
			);
			buildRules = (
			);
			dependencies = (
				9F0ACFA92D60A464001F1D7C /* PBXTargetDependency */,
			);
			fileSystemSynchronizedGroups = (
				9F0ACFAA2D60A464001F1D7C /* SmartColorizerUITests */,
			);
			name = SmartColorizerUITests;
			packageProductDependencies = (
			);
			productName = SmartColorizerUITests;
			productReference = 9F0ACFA72D60A464001F1D7C /* SmartColorizerUITests.xctest */;
			productType = "com.apple.product-type.bundle.ui-testing";
		};
/* End PBXNativeTarget section */

/* Begin PBXProject section */
		9F0ACF852D60A461001F1D7C /* Project object */ = {
			isa = PBXProject;
			attributes = {
				BuildIndependentTargetsInParallel = 1;
				LastSwiftUpdateCheck = 1620;
				LastUpgradeCheck = 1620;
				TargetAttributes = {
					9F0ACF8C2D60A461001F1D7C = {
						CreatedOnToolsVersion = 16.2;
					};
					9F0ACF9C2D60A464001F1D7C = {
						CreatedOnToolsVersion = 16.2;
						TestTargetID = 9F0ACF8C2D60A461001F1D7C;
					};
					9F0ACFA62D60A464001F1D7C = {
						CreatedOnToolsVersion = 16.2;
						TestTargetID = 9F0ACF8C2D60A461001F1D7C;
					};
				};
			};
			buildConfigurationList = 9F0ACF882D60A461001F1D7C /* Build configuration list for PBXProject "SmartColorizer" */;
			developmentRegion = en;
			hasScannedForEncodings = 0;
			knownRegions = (
				en,
				Base,
			);
			mainGroup = 9F0ACF842D60A461001F1D7C;
			minimizedProjectReferenceProxies = 1;
			preferredProjectObjectVersion = 77;
			productRefGroup = 9F0ACF8E2D60A461001F1D7C /* Products */;
			projectDirPath = "";
			projectRoot = "";
			targets = (
				9F0ACF8C2D60A461001F1D7C /* SmartColorizer */,
				9F0ACF9C2D60A464001F1D7C /* SmartColorizerTests */,
				9F0ACFA62D60A464001F1D7C /* SmartColorizerUITests */,
			);
		};
/* End PBXProject section */

/* Begin PBXResourcesBuildPhase section */
		9F0ACF8B2D60A461001F1D7C /* Resources */ = {
			isa = PBXResourcesBuildPhase;
			buildActionMask = 2147483647;
			files = (
			);
			runOnlyForDeploymentPostprocessing = 0;
		};
		9F0ACF9B2D60A464001F1D7C /* Resources */ = {
			isa = PBXResourcesBuildPhase;
			buildActionMask = 2147483647;
			files = (
			);
			runOnlyForDeploymentPostprocessing = 0;
		};
		9F0ACFA52D60A464001F1D7C /* Resources */ = {
			isa = PBXResourcesBuildPhase;
			buildActionMask = 2147483647;
			files = (
			);
			runOnlyForDeploymentPostprocessing = 0;
		};
/* End PBXResourcesBuildPhase section */

/* Begin PBXSourcesBuildPhase section */
		9F0ACF892D60A461001F1D7C /* Sources */ = {
			isa = PBXSourcesBuildPhase;
			buildActionMask = 2147483647;
			files = (
				9F0ACFBB2D60A4B2001F1D7C /* colorization_model.mlpackage in Sources */,
			);
			runOnlyForDeploymentPostprocessing = 0;
		};
		9F0ACF992D60A464001F1D7C /* Sources */ = {
			isa = PBXSourcesBuildPhase;
			buildActionMask = 2147483647;
			files = (
			);
			runOnlyForDeploymentPostprocessing = 0;
		};
		9F0ACFA32D60A464001F1D7C /* Sources */ = {
			isa = PBXSourcesBuildPhase;
			buildActionMask = 2147483647;
			files = (
			);
			runOnlyForDeploymentPostprocessing = 0;
		};
/* End PBXSourcesBuildPhase section */

/* Begin PBXTargetDependency section */
		9F0ACF9F2D60A464001F1D7C /* PBXTargetDependency */ = {
			isa = PBXTargetDependency;
			target = 9F0ACF8C2D60A461001F1D7C /* SmartColorizer */;
			targetProxy = 9F0ACF9E2D60A464001F1D7C /* PBXContainerItemProxy */;
		};
		9F0ACFA92D60A464001F1D7C /* PBXTargetDependency */ = {
			isa = PBXTargetDependency;
			target = 9F0ACF8C2D60A461001F1D7C /* SmartColorizer */;
			targetProxy = 9F0ACFA82D60A464001F1D7C /* PBXContainerItemProxy */;
		};
/* End PBXTargetDependency section */

/* Begin XCBuildConfiguration section */
		9F0ACFAF2D60A464001F1D7C /* Debug */ = {
			isa = XCBuildConfiguration;
			buildSettings = {
				ALWAYS_SEARCH_USER_PATHS = NO;
				ASSETCATALOG_COMPILER_GENERATE_SWIFT_ASSET_SYMBOL_EXTENSIONS = YES;
				CLANG_ANALYZER_NONNULL = YES;
				CLANG_ANALYZER_NUMBER_OBJECT_CONVERSION = YES_AGGRESSIVE;
				CLANG_CXX_LANGUAGE_STANDARD = "gnu++20";
				CLANG_ENABLE_MODULES = YES;
				CLANG_ENABLE_OBJC_ARC = YES;
				CLANG_ENABLE_OBJC_WEAK = YES;
				CLANG_WARN_BLOCK_CAPTURE_AUTORELEASING = YES;
				CLANG_WARN_BOOL_CONVERSION = YES;
				CLANG_WARN_COMMA = YES;
				CLANG_WARN_CONSTANT_CONVERSION = YES;
				CLANG_WARN_DEPRECATED_OBJC_IMPLEMENTATIONS = YES;
				CLANG_WARN_DIRECT_OBJC_ISA_USAGE = YES_ERROR;
				CLANG_WARN_DOCUMENTATION_COMMENTS = YES;
				CLANG_WARN_EMPTY_BODY = YES;
				CLANG_WARN_ENUM_CONVERSION = YES;
				CLANG_WARN_INFINITE_RECURSION = YES;
				CLANG_WARN_INT_CONVERSION = YES;
				CLANG_WARN_NON_LITERAL_NULL_CONVERSION = YES;
				CLANG_WARN_OBJC_IMPLICIT_RETAIN_SELF = YES;
				CLANG_WARN_OBJC_LITERAL_CONVERSION = YES;
				CLANG_WARN_OBJC_ROOT_CLASS = YES_ERROR;
				CLANG_WARN_QUOTED_INCLUDE_IN_FRAMEWORK_HEADER = YES;
				CLANG_WARN_RANGE_LOOP_ANALYSIS = YES;
				CLANG_WARN_STRICT_PROTOTYPES = YES;
				CLANG_WARN_SUSPICIOUS_MOVE = YES;
				CLANG_WARN_UNGUARDED_AVAILABILITY = YES_AGGRESSIVE;
				CLANG_WARN_UNREACHABLE_CODE = YES;
				CLANG_WARN__DUPLICATE_METHOD_MATCH = YES;
				COPY_PHASE_STRIP = NO;
				DEBUG_INFORMATION_FORMAT = dwarf;
				ENABLE_STRICT_OBJC_MSGSEND = YES;
				ENABLE_TESTABILITY = YES;
				ENABLE_USER_SCRIPT_SANDBOXING = YES;
				GCC_C_LANGUAGE_STANDARD = gnu17;
				GCC_DYNAMIC_NO_PIC = NO;
				GCC_NO_COMMON_BLOCKS = YES;
				GCC_OPTIMIZATION_LEVEL = 0;
				GCC_PREPROCESSOR_DEFINITIONS = (
					"DEBUG=1",
					"$(inherited)",
				);
				GCC_WARN_64_TO_32_BIT_CONVERSION = YES;
				GCC_WARN_ABOUT_RETURN_TYPE = YES_ERROR;
				GCC_WARN_UNDECLARED_SELECTOR = YES;
				GCC_WARN_UNINITIALIZED_AUTOS = YES_AGGRESSIVE;
				GCC_WARN_UNUSED_FUNCTION = YES;
				GCC_WARN_UNUSED_VARIABLE = YES;
				IPHONEOS_DEPLOYMENT_TARGET = 18.2;
				LOCALIZATION_PREFERS_STRING_CATALOGS = YES;
				MTL_ENABLE_DEBUG_INFO = INCLUDE_SOURCE;
				MTL_FAST_MATH = YES;
				ONLY_ACTIVE_ARCH = YES;
				SDKROOT = iphoneos;
				SWIFT_ACTIVE_COMPILATION_CONDITIONS = "DEBUG $(inherited)";
				SWIFT_OPTIMIZATION_LEVEL = "-Onone";
			};
			name = Debug;
		};
		9F0ACFB02D60A464001F1D7C /* Release */ = {
			isa = XCBuildConfiguration;
			buildSettings = {
				ALWAYS_SEARCH_USER_PATHS = NO;
				ASSETCATALOG_COMPILER_GENERATE_SWIFT_ASSET_SYMBOL_EXTENSIONS = YES;
				CLANG_ANALYZER_NONNULL = YES;
				CLANG_ANALYZER_NUMBER_OBJECT_CONVERSION = YES_AGGRESSIVE;
				CLANG_CXX_LANGUAGE_STANDARD = "gnu++20";
				CLANG_ENABLE_MODULES = YES;
				CLANG_ENABLE_OBJC_ARC = YES;
				CLANG_ENABLE_OBJC_WEAK = YES;
				CLANG_WARN_BLOCK_CAPTURE_AUTORELEASING = YES;
				CLANG_WARN_BOOL_CONVERSION = YES;
				CLANG_WARN_COMMA = YES;
				CLANG_WARN_CONSTANT_CONVERSION = YES;
				CLANG_WARN_DEPRECATED_OBJC_IMPLEMENTATIONS = YES;
				CLANG_WARN_DIRECT_OBJC_ISA_USAGE = YES_ERROR;
				CLANG_WARN_DOCUMENTATION_COMMENTS = YES;
				CLANG_WARN_EMPTY_BODY = YES;
				CLANG_WARN_ENUM_CONVERSION = YES;
				CLANG_WARN_INFINITE_RECURSION = YES;
				CLANG_WARN_INT_CONVERSION = YES;
				CLANG_WARN_NON_LITERAL_NULL_CONVERSION = YES;
				CLANG_WARN_OBJC_IMPLICIT_RETAIN_SELF = YES;
				CLANG_WARN_OBJC_LITERAL_CONVERSION = YES;
				CLANG_WARN_OBJC_ROOT_CLASS = YES_ERROR;
				CLANG_WARN_QUOTED_INCLUDE_IN_FRAMEWORK_HEADER = YES;
				CLANG_WARN_RANGE_LOOP_ANALYSIS = YES;
				CLANG_WARN_STRICT_PROTOTYPES = YES;
				CLANG_WARN_SUSPICIOUS_MOVE = YES;
				CLANG_WARN_UNGUARDED_AVAILABILITY = YES_AGGRESSIVE;
				CLANG_WARN_UNREACHABLE_CODE = YES;
				CLANG_WARN__DUPLICATE_METHOD_MATCH = YES;
				COPY_PHASE_STRIP = NO;
				DEBUG_INFORMATION_FORMAT = "dwarf-with-dsym";
				ENABLE_NS_ASSERTIONS = NO;
				ENABLE_STRICT_OBJC_MSGSEND = YES;
				ENABLE_USER_SCRIPT_SANDBOXING = YES;
				GCC_C_LANGUAGE_STANDARD = gnu17;
				GCC_NO_COMMON_BLOCKS = YES;
				GCC_WARN_64_TO_32_BIT_CONVERSION = YES;
				GCC_WARN_ABOUT_RETURN_TYPE = YES_ERROR;
				GCC_WARN_UNDECLARED_SELECTOR = YES;
				GCC_WARN_UNINITIALIZED_AUTOS = YES_AGGRESSIVE;
				GCC_WARN_UNUSED_FUNCTION = YES;
				GCC_WARN_UNUSED_VARIABLE = YES;
				IPHONEOS_DEPLOYMENT_TARGET = 18.2;
				LOCALIZATION_PREFERS_STRING_CATALOGS = YES;
				MTL_ENABLE_DEBUG_INFO = NO;
				MTL_FAST_MATH = YES;
				SDKROOT = iphoneos;
				SWIFT_COMPILATION_MODE = wholemodule;
				VALIDATE_PRODUCT = YES;
			};
			name = Release;
		};
		9F0ACFB22D60A464001F1D7C /* Debug */ = {
			isa = XCBuildConfiguration;
			buildSettings = {
				ASSETCATALOG_COMPILER_APPICON_NAME = AppIcon;
				ASSETCATALOG_COMPILER_GLOBAL_ACCENT_COLOR_NAME = AccentColor;
				CODE_SIGN_STYLE = Automatic;
				CURRENT_PROJECT_VERSION = 1;
				DEVELOPMENT_ASSET_PATHS = "\"SmartColorizer/Preview Content\"";
				DEVELOPMENT_TEAM = 3CTYQ7VUJ4;
				ENABLE_PREVIEWS = YES;
				GENERATE_INFOPLIST_FILE = YES;
				INFOPLIST_KEY_NSCameraUsageDescription = "\"This app requires camera access to scan grayscale images.\"";
				INFOPLIST_KEY_NSPhotoLibraryUsageDescription = "\"This app needs access to save colorized images.\"";
				INFOPLIST_KEY_UIApplicationSceneManifest_Generation = YES;
				INFOPLIST_KEY_UIApplicationSupportsIndirectInputEvents = YES;
				INFOPLIST_KEY_UILaunchScreen_Generation = YES;
				INFOPLIST_KEY_UISupportedInterfaceOrientations_iPad = "UIInterfaceOrientationPortrait UIInterfaceOrientationPortraitUpsideDown UIInterfaceOrientationLandscapeLeft UIInterfaceOrientationLandscapeRight";
				INFOPLIST_KEY_UISupportedInterfaceOrientations_iPhone = "UIInterfaceOrientationPortrait UIInterfaceOrientationLandscapeLeft UIInterfaceOrientationLandscapeRight";
				LD_RUNPATH_SEARCH_PATHS = (
					"$(inherited)",
					"@executable_path/Frameworks",
				);
				MARKETING_VERSION = 1.0;
				PRODUCT_BUNDLE_IDENTIFIER = fakhrul.SmartColorizer;
				PRODUCT_NAME = "$(TARGET_NAME)";
				SWIFT_EMIT_LOC_STRINGS = YES;
				SWIFT_VERSION = 5.0;
				TARGETED_DEVICE_FAMILY = "1,2";
			};
			name = Debug;
		};
		9F0ACFB32D60A464001F1D7C /* Release */ = {
			isa = XCBuildConfiguration;
			buildSettings = {
				ASSETCATALOG_COMPILER_APPICON_NAME = AppIcon;
				ASSETCATALOG_COMPILER_GLOBAL_ACCENT_COLOR_NAME = AccentColor;
				CODE_SIGN_STYLE = Automatic;
				CURRENT_PROJECT_VERSION = 1;
				DEVELOPMENT_ASSET_PATHS = "\"SmartColorizer/Preview Content\"";
				DEVELOPMENT_TEAM = 3CTYQ7VUJ4;
				ENABLE_PREVIEWS = YES;
				GENERATE_INFOPLIST_FILE = YES;
				INFOPLIST_KEY_NSCameraUsageDescription = "\"This app requires camera access to scan grayscale images.\"";
				INFOPLIST_KEY_NSPhotoLibraryUsageDescription = "\"This app needs access to save colorized images.\"";
				INFOPLIST_KEY_UIApplicationSceneManifest_Generation = YES;
				INFOPLIST_KEY_UIApplicationSupportsIndirectInputEvents = YES;
				INFOPLIST_KEY_UILaunchScreen_Generation = YES;
				INFOPLIST_KEY_UISupportedInterfaceOrientations_iPad = "UIInterfaceOrientationPortrait UIInterfaceOrientationPortraitUpsideDown UIInterfaceOrientationLandscapeLeft UIInterfaceOrientationLandscapeRight";
				INFOPLIST_KEY_UISupportedInterfaceOrientations_iPhone = "UIInterfaceOrientationPortrait UIInterfaceOrientationLandscapeLeft UIInterfaceOrientationLandscapeRight";
				LD_RUNPATH_SEARCH_PATHS = (
					"$(inherited)",
					"@executable_path/Frameworks",
				);
				MARKETING_VERSION = 1.0;
				PRODUCT_BUNDLE_IDENTIFIER = fakhrul.SmartColorizer;
				PRODUCT_NAME = "$(TARGET_NAME)";
				SWIFT_EMIT_LOC_STRINGS = YES;
				SWIFT_VERSION = 5.0;
				TARGETED_DEVICE_FAMILY = "1,2";
			};
			name = Release;
		};
		9F0ACFB52D60A464001F1D7C /* Debug */ = {
			isa = XCBuildConfiguration;
			buildSettings = {
				BUNDLE_LOADER = "$(TEST_HOST)";
				CODE_SIGN_STYLE = Automatic;
				CURRENT_PROJECT_VERSION = 1;
				DEVELOPMENT_TEAM = 3CTYQ7VUJ4;
				GENERATE_INFOPLIST_FILE = YES;
				IPHONEOS_DEPLOYMENT_TARGET = 18.2;
				MARKETING_VERSION = 1.0;
				PRODUCT_BUNDLE_IDENTIFIER = fakhrul.SmartColorizerTests;
				PRODUCT_NAME = "$(TARGET_NAME)";
				SWIFT_EMIT_LOC_STRINGS = NO;
				SWIFT_VERSION = 5.0;
				TARGETED_DEVICE_FAMILY = "1,2";
				TEST_HOST = "$(BUILT_PRODUCTS_DIR)/SmartColorizer.app/$(BUNDLE_EXECUTABLE_FOLDER_PATH)/SmartColorizer";
			};
			name = Debug;
		};
		9F0ACFB62D60A464001F1D7C /* Release */ = {
			isa = XCBuildConfiguration;
			buildSettings = {
				BUNDLE_LOADER = "$(TEST_HOST)";
				CODE_SIGN_STYLE = Automatic;
				CURRENT_PROJECT_VERSION = 1;
				DEVELOPMENT_TEAM = 3CTYQ7VUJ4;
				GENERATE_INFOPLIST_FILE = YES;
				IPHONEOS_DEPLOYMENT_TARGET = 18.2;
				MARKETING_VERSION = 1.0;
				PRODUCT_BUNDLE_IDENTIFIER = fakhrul.SmartColorizerTests;
				PRODUCT_NAME = "$(TARGET_NAME)";
				SWIFT_EMIT_LOC_STRINGS = NO;
				SWIFT_VERSION = 5.0;
				TARGETED_DEVICE_FAMILY = "1,2";
				TEST_HOST = "$(BUILT_PRODUCTS_DIR)/SmartColorizer.app/$(BUNDLE_EXECUTABLE_FOLDER_PATH)/SmartColorizer";
			};
			name = Release;
		};
		9F0ACFB82D60A464001F1D7C /* Debug */ = {
			isa = XCBuildConfiguration;
			buildSettings = {
				CODE_SIGN_STYLE = Automatic;
				CURRENT_PROJECT_VERSION = 1;
				DEVELOPMENT_TEAM = 3CTYQ7VUJ4;
				GENERATE_INFOPLIST_FILE = YES;
				MARKETING_VERSION = 1.0;
				PRODUCT_BUNDLE_IDENTIFIER = fakhrul.SmartColorizerUITests;
				PRODUCT_NAME = "$(TARGET_NAME)";
				SWIFT_EMIT_LOC_STRINGS = NO;
				SWIFT_VERSION = 5.0;
				TARGETED_DEVICE_FAMILY = "1,2";
				TEST_TARGET_NAME = SmartColorizer;
			};
			name = Debug;
		};
		9F0ACFB92D60A464001F1D7C /* Release */ = {
			isa = XCBuildConfiguration;
			buildSettings = {
				CODE_SIGN_STYLE = Automatic;
				CURRENT_PROJECT_VERSION = 1;
				DEVELOPMENT_TEAM = 3CTYQ7VUJ4;
				GENERATE_INFOPLIST_FILE = YES;
				MARKETING_VERSION = 1.0;
				PRODUCT_BUNDLE_IDENTIFIER = fakhrul.SmartColorizerUITests;
				PRODUCT_NAME = "$(TARGET_NAME)";
				SWIFT_EMIT_LOC_STRINGS = NO;
				SWIFT_VERSION = 5.0;
				TARGETED_DEVICE_FAMILY = "1,2";
				TEST_TARGET_NAME = SmartColorizer;
			};
			name = Release;
		};
/* End XCBuildConfiguration section */

/* Begin XCConfigurationList section */
		9F0ACF882D60A461001F1D7C /* Build configuration list for PBXProject "SmartColorizer" */ = {
			isa = XCConfigurationList;
			buildConfigurations = (
				9F0ACFAF2D60A464001F1D7C /* Debug */,
				9F0ACFB02D60A464001F1D7C /* Release */,
			);
			defaultConfigurationIsVisible = 0;
			defaultConfigurationName = Release;
		};
		9F0ACFB12D60A464001F1D7C /* Build configuration list for PBXNativeTarget "SmartColorizer" */ = {
			isa = XCConfigurationList;
			buildConfigurations = (
				9F0ACFB22D60A464001F1D7C /* Debug */,
				9F0ACFB32D60A464001F1D7C /* Release */,
			);
			defaultConfigurationIsVisible = 0;
			defaultConfigurationName = Release;
		};
		9F0ACFB42D60A464001F1D7C /* Build configuration list for PBXNativeTarget "SmartColorizerTests" */ = {
			isa = XCConfigurationList;
			buildConfigurations = (
				9F0ACFB52D60A464001F1D7C /* Debug */,
				9F0ACFB62D60A464001F1D7C /* Release */,
			);
			defaultConfigurationIsVisible = 0;
			defaultConfigurationName = Release;
		};
		9F0ACFB72D60A464001F1D7C /* Build configuration list for PBXNativeTarget "SmartColorizerUITests" */ = {
			isa = XCConfigurationList;
			buildConfigurations = (
				9F0ACFB82D60A464001F1D7C /* Debug */,
				9F0ACFB92D60A464001F1D7C /* Release */,
			);
			defaultConfigurationIsVisible = 0;
			defaultConfigurationName = Release;
		};
/* End XCConfigurationList section */
	};
	rootObject = 9F0ACF852D60A461001F1D7C /* Project object */;
}
